github.com/go-raptor/connectors v1.0.2 h1:aAFXlSssExRE0HC6YIj+mSMR2ZP7tZn8qNxRADcekoE=
github.com/go-raptor/connectors v1.0.2/go.mod h1:o5EsfDhvcxtH00SOh6ehIa2nE/Y2oCrSoorxrSGeEys=
github.com/go-raptor/connectors v1.0.4 h1:LPtwGWYl+dHHAdtYtdmT6Zo6X1VIhYlJiR5/+jQKe24=
github.com/go-raptor/connectors v1.0.4/go.mod h1:o5EsfDhvcxtH00SOh6ehIa2nE/Y2oCrSoorxrSGeEys=
github.com/go-raptor/raptor/v4 v4.1.6 h1:8HfM3VcnsO4lxvLtPXYD5xgWu/QeB/yzc1pnUfnqSSM=
github.com/go-raptor/raptor/v4 v4.1.6/go.mod h1:amWvz3EODKHgedCD8w8SB4wZbIp6Xbz8/MfJks/WVqs=
github.com/go-raptor/raptor/v4 v4.1.16 h1:a+6KOlJmO0y/hq96kAmWaZktf8DDR/5+xfT5b1Dbg7o=
github.com/go-raptor/raptor/v4 v4.1.16/go.mod h1:jpe+upatg2qcfMtHZAydHMMZIx0Ca8rDAwntF8Zuyb4=
gopkg.in/check.v1 v0.0.0-20161208181325-20d25e280405 h1:yhCVgyC4o1eVCa2tZl7eS0r+SDo693bJlVdllGtEeKM=
gopkg.in/check.v1 v0.0.0-20161208181325-20d25e280405/go.mod h1:Co6ibVJAznAaIkqp8huTwlJQCZ016jof/cbN4VW5Yz0=
gopkg.in/yaml.v3 v3.0.1 h1:fxVm/GzAzEWqLHuvctI91KS9hhNmmWOoWu0XTYJS7CA=
gopkg.in/yaml.v3 v3.0.1/go.mod h1:K4uyk7z7BCEPqu6E+C64Yfv1cQ7kz7rIZviUmN+EgEM=
