github.com/go-raptor/connectors v1.0.2 h1:aAFXlSssExRE0HC6YIj+mSMR2ZP7tZn8qNxRADcekoE=
github.com/go-raptor/connectors v1.0.2/go.mod h1:o5EsfDhvcxtH00SOh6ehIa2nE/Y2oCrSoorxrSGeEys=
github.com/go-raptor/raptor/v4 v4.0.0-alpha.20 h1:EZl4Vrqr04JYnuz1nWchtGZN4t2LYFpDpL/vEFOxcqo=
github.com/go-raptor/raptor/v4 v4.0.0-alpha.20/go.mod h1:8c5+zuJy2yb2WAkjvQCa8mXPu8P4WEQRI7s9UpOOaEw=
github.com/go-raptor/raptor/v4 v4.0.0-alpha.21 h1:A5T7L+ljOVCDyeHueeo7DAidopLexJDXE4eGjpXycvM=
github.com/go-raptor/raptor/v4 v4.0.0-alpha.21/go.mod h1:8c5+zuJy2yb2WAkjvQCa8mXPu8P4WEQRI7s9UpOOaEw=
github.com/h00s/tint v1.0.7 h1:EjZPli3Vcs37es8Fqu62dNZhdInD2WUyXu5xYXMnstM=
github.com/h00s/tint v1.0.7/go.mod h1:A6y/VboBZiBW7PWebkEGV5qAPGPLpTukHBfGgik+m88=
golang.org/x/time v0.11.0 h1:/bpjEDfN9tkoN/ryeYHnv5hcMlc8ncjMcM4XBk5NWV0=
golang.org/x/time v0.11.0/go.mod h1:CDIdPxbZBQxdj6cxyCIdrNogrJKMJ7pr37NYpMcMDSg=
gopkg.in/check.v1 v0.0.0-20161208181325-20d25e280405 h1:yhCVgyC4o1eVCa2tZl7eS0r+SDo693bJlVdllGtEeKM=
gopkg.in/check.v1 v0.0.0-20161208181325-20d25e280405/go.mod h1:Co6ibVJAznAaIkqp8huTwlJQCZ016jof/cbN4VW5Yz0=
gopkg.in/yaml.v3 v3.0.1 h1:fxVm/GzAzEWqLHuvctI91KS9hhNmmWOoWu0XTYJS7CA=
gopkg.in/yaml.v3 v3.0.1/go.mod h1:K4uyk7z7BCEPqu6E+C64Yfv1cQ7kz7rIZviUmN+EgEM=
